
Microsoft Visual Studio Solution File, Format Version 12.00
# Visual Studio Version 17
VisualStudioVersion = 17.6.33829.357
MinimumVisualStudioVersion = 10.0.40219.1
Project("{FAE04EC0-301F-11D3-BF4B-00C04F79EFBC}") = "PROJETO10", "PROJETO10\PROJETO10.csproj", "{BE2CC5D3-05C9-4C5C-97EE-476031AC8F7A}"
EndProject
Global
	GlobalSection(SolutionConfigurationPlatforms) = preSolution
		Debug|Any CPU = Debug|Any CPU
		Release|Any CPU = Release|Any CPU
	EndGlobalSection
	GlobalSection(ProjectConfigurationPlatforms) = postSolution
		{BE2CC5D3-05C9-4C5C-97EE-476031AC8F7A}.Debug|Any CPU.ActiveCfg = Debug|Any CPU
		{BE2CC5D3-05C9-4C5C-97EE-476031AC8F7A}.Debug|Any CPU.Build.0 = Debug|Any CPU
		{BE2CC5D3-05C9-4C5C-97EE-476031AC8F7A}.Release|Any CPU.ActiveCfg = Release|Any CPU
		{BE2CC5D3-05C9-4C5C-97EE-476031AC8F7A}.Release|Any CPU.Build.0 = Release|Any CPU
	EndGlobalSection
	GlobalSection(SolutionProperties) = preSolution
		HideSolutionNode = FALSE
	EndGlobalSection
	GlobalSection(ExtensibilityGlobals) = postSolution
		SolutionGuid = {DF7616F6-46E8-44C3-9F3F-A9CA72FCEEE4}
	EndGlobalSection
EndGlobal
